
Microsoft Visual Studio Solution File, Format Version 12.00
# Visual Studio Version 16
VisualStudioVersion = 16.0.29609.76
MinimumVisualStudioVersion = 10.0.40219.1
Project("{FAE04EC0-301F-11D3-BF4B-00C04F79EFBC}") = "Strapi.SDK", "Strapi.SDK\Strapi.SDK.csproj", "{708DCAA4-4DE2-4B52-A71C-9CEC000638BD}"
EndProject
Project("{FAE04EC0-301F-11D3-BF4B-00C04F79EFBC}") = "Strapi.SDK.Tests", "Strapi.SDK.Tests\Strapi.SDK.Tests.csproj", "{F9F80B9F-6BB3-424D-A1BA-15DC7A6B29B7}"
EndProject
Global
	GlobalSection(SolutionConfigurationPlatforms) = preSolution
		Debug|Any CPU = Debug|Any CPU
		Release|Any CPU = Release|Any CPU
	EndGlobalSection
	GlobalSection(ProjectConfigurationPlatforms) = postSolution
		{708DCAA4-4DE2-4B52-A71C-9CEC000638BD}.Debug|Any CPU.ActiveCfg = Debug|Any CPU
		{708DCAA4-4DE2-4B52-A71C-9CEC000638BD}.Debug|Any CPU.Build.0 = Debug|Any CPU
		{708DCAA4-4DE2-4B52-A71C-9CEC000638BD}.Release|Any CPU.ActiveCfg = Release|Any CPU
		{708DCAA4-4DE2-4B52-A71C-9CEC000638BD}.Release|Any CPU.Build.0 = Release|Any CPU
		{F9F80B9F-6BB3-424D-A1BA-15DC7A6B29B7}.Debug|Any CPU.ActiveCfg = Debug|Any CPU
		{F9F80B9F-6BB3-424D-A1BA-15DC7A6B29B7}.Debug|Any CPU.Build.0 = Debug|Any CPU
		{F9F80B9F-6BB3-424D-A1BA-15DC7A6B29B7}.Release|Any CPU.ActiveCfg = Release|Any CPU
		{F9F80B9F-6BB3-424D-A1BA-15DC7A6B29B7}.Release|Any CPU.Build.0 = Release|Any CPU
	EndGlobalSection
	GlobalSection(SolutionProperties) = preSolution
		HideSolutionNode = FALSE
	EndGlobalSection
	GlobalSection(ExtensibilityGlobals) = postSolution
		SolutionGuid = {E4B839B5-0FC9-4E18-9B64-AFE43AA2B7CD}
	EndGlobalSection
EndGlobal
